
Microsoft Visual Studio Solution File, Format Version 12.00
# Visual Studio Version 17
VisualStudioVersion = 17.11.35327.3
MinimumVisualStudioVersion = 10.0.40219.1
Project("{9A19103F-16F7-4668-BE54-9A1E7A4F7556}") = "Lab1.App", "AppWPF\Lab1.App.csproj", "{2BE7DE3E-4BA3-4A4D-8C0B-CA7280D506F7}"
EndProject
Project("{FAE04EC0-301F-11D3-BF4B-00C04F79EFBC}") = "Lab1.Models", "Lab1.Models\Lab1.Models.csproj", "{6EB8A140-F594-487F-A393-FCAE10E4BAFE}"
EndProject
Project("{FAE04EC0-301F-11D3-BF4B-00C04F79EFBC}") = "Lab1.Views", "Lab1.Views\Lab1.Views.csproj", "{65035F80-587F-4AF3-9474-BBFD46682068}"
EndProject
Project("{FAE04EC0-301F-11D3-BF4B-00C04F79EFBC}") = "Lab1.ViewModels", "Lab1.ViewModels\Lab1.ViewModels.csproj", "{8D26F2CF-6049-4BD8-AACA-9A55CC9930C9}"
EndProject
Global
	GlobalSection(SolutionConfigurationPlatforms) = preSolution
		Debug|Any CPU = Debug|Any CPU
		Debug|ARM64 = Debug|ARM64
		Debug|x64 = Debug|x64
		Debug|x86 = Debug|x86
		Release|Any CPU = Release|Any CPU
		Release|ARM64 = Release|ARM64
		Release|x64 = Release|x64
		Release|x86 = Release|x86
	EndGlobalSection
	GlobalSection(ProjectConfigurationPlatforms) = postSolution
		{2BE7DE3E-4BA3-4A4D-8C0B-CA7280D506F7}.Debug|Any CPU.ActiveCfg = Debug|Any CPU
		{2BE7DE3E-4BA3-4A4D-8C0B-CA7280D506F7}.Debug|Any CPU.Build.0 = Debug|Any CPU
		{2BE7DE3E-4BA3-4A4D-8C0B-CA7280D506F7}.Debug|ARM64.ActiveCfg = Debug|Any CPU
		{2BE7DE3E-4BA3-4A4D-8C0B-CA7280D506F7}.Debug|ARM64.Build.0 = Debug|Any CPU
		{2BE7DE3E-4BA3-4A4D-8C0B-CA7280D506F7}.Debug|x64.ActiveCfg = Debug|Any CPU
		{2BE7DE3E-4BA3-4A4D-8C0B-CA7280D506F7}.Debug|x64.Build.0 = Debug|Any CPU
		{2BE7DE3E-4BA3-4A4D-8C0B-CA7280D506F7}.Debug|x86.ActiveCfg = Debug|Any CPU
		{2BE7DE3E-4BA3-4A4D-8C0B-CA7280D506F7}.Debug|x86.Build.0 = Debug|Any CPU
		{2BE7DE3E-4BA3-4A4D-8C0B-CA7280D506F7}.Release|Any CPU.ActiveCfg = Release|Any CPU
		{2BE7DE3E-4BA3-4A4D-8C0B-CA7280D506F7}.Release|Any CPU.Build.0 = Release|Any CPU
		{2BE7DE3E-4BA3-4A4D-8C0B-CA7280D506F7}.Release|ARM64.ActiveCfg = Release|Any CPU
		{2BE7DE3E-4BA3-4A4D-8C0B-CA7280D506F7}.Release|ARM64.Build.0 = Release|Any CPU
		{2BE7DE3E-4BA3-4A4D-8C0B-CA7280D506F7}.Release|x64.ActiveCfg = Release|Any CPU
		{2BE7DE3E-4BA3-4A4D-8C0B-CA7280D506F7}.Release|x64.Build.0 = Release|Any CPU
		{2BE7DE3E-4BA3-4A4D-8C0B-CA7280D506F7}.Release|x86.ActiveCfg = Release|Any CPU
		{2BE7DE3E-4BA3-4A4D-8C0B-CA7280D506F7}.Release|x86.Build.0 = Release|Any CPU
		{6EB8A140-F594-487F-A393-FCAE10E4BAFE}.Debug|Any CPU.ActiveCfg = Debug|Any CPU
		{6EB8A140-F594-487F-A393-FCAE10E4BAFE}.Debug|Any CPU.Build.0 = Debug|Any CPU
		{6EB8A140-F594-487F-A393-FCAE10E4BAFE}.Debug|ARM64.ActiveCfg = Debug|Any CPU
		{6EB8A140-F594-487F-A393-FCAE10E4BAFE}.Debug|ARM64.Build.0 = Debug|Any CPU
		{6EB8A140-F594-487F-A393-FCAE10E4BAFE}.Debug|x64.ActiveCfg = Debug|Any CPU
		{6EB8A140-F594-487F-A393-FCAE10E4BAFE}.Debug|x64.Build.0 = Debug|Any CPU
		{6EB8A140-F594-487F-A393-FCAE10E4BAFE}.Debug|x86.ActiveCfg = Debug|Any CPU
		{6EB8A140-F594-487F-A393-FCAE10E4BAFE}.Debug|x86.Build.0 = Debug|Any CPU
		{6EB8A140-F594-487F-A393-FCAE10E4BAFE}.Release|Any CPU.ActiveCfg = Release|Any CPU
		{6EB8A140-F594-487F-A393-FCAE10E4BAFE}.Release|Any CPU.Build.0 = Release|Any CPU
		{6EB8A140-F594-487F-A393-FCAE10E4BAFE}.Release|ARM64.ActiveCfg = Release|Any CPU
		{6EB8A140-F594-487F-A393-FCAE10E4BAFE}.Release|ARM64.Build.0 = Release|Any CPU
		{6EB8A140-F594-487F-A393-FCAE10E4BAFE}.Release|x64.ActiveCfg = Release|Any CPU
		{6EB8A140-F594-487F-A393-FCAE10E4BAFE}.Release|x64.Build.0 = Release|Any CPU
		{6EB8A140-F594-487F-A393-FCAE10E4BAFE}.Release|x86.ActiveCfg = Release|Any CPU
		{6EB8A140-F594-487F-A393-FCAE10E4BAFE}.Release|x86.Build.0 = Release|Any CPU
		{65035F80-587F-4AF3-9474-BBFD46682068}.Debug|Any CPU.ActiveCfg = Debug|Any CPU
		{65035F80-587F-4AF3-9474-BBFD46682068}.Debug|Any CPU.Build.0 = Debug|Any CPU
		{65035F80-587F-4AF3-9474-BBFD46682068}.Debug|ARM64.ActiveCfg = Debug|Any CPU
		{65035F80-587F-4AF3-9474-BBFD46682068}.Debug|ARM64.Build.0 = Debug|Any CPU
		{65035F80-587F-4AF3-9474-BBFD46682068}.Debug|x64.ActiveCfg = Debug|Any CPU
		{65035F80-587F-4AF3-9474-BBFD46682068}.Debug|x64.Build.0 = Debug|Any CPU
		{65035F80-587F-4AF3-9474-BBFD46682068}.Debug|x86.ActiveCfg = Debug|Any CPU
		{65035F80-587F-4AF3-9474-BBFD46682068}.Debug|x86.Build.0 = Debug|Any CPU
		{65035F80-587F-4AF3-9474-BBFD46682068}.Release|Any CPU.ActiveCfg = Release|Any CPU
		{65035F80-587F-4AF3-9474-BBFD46682068}.Release|Any CPU.Build.0 = Release|Any CPU
		{65035F80-587F-4AF3-9474-BBFD46682068}.Release|ARM64.ActiveCfg = Release|Any CPU
		{65035F80-587F-4AF3-9474-BBFD46682068}.Release|ARM64.Build.0 = Release|Any CPU
		{65035F80-587F-4AF3-9474-BBFD46682068}.Release|x64.ActiveCfg = Release|Any CPU
		{65035F80-587F-4AF3-9474-BBFD46682068}.Release|x64.Build.0 = Release|Any CPU
		{65035F80-587F-4AF3-9474-BBFD46682068}.Release|x86.ActiveCfg = Release|Any CPU
		{65035F80-587F-4AF3-9474-BBFD46682068}.Release|x86.Build.0 = Release|Any CPU
		{8D26F2CF-6049-4BD8-AACA-9A55CC9930C9}.Debug|Any CPU.ActiveCfg = Debug|Any CPU
		{8D26F2CF-6049-4BD8-AACA-9A55CC9930C9}.Debug|Any CPU.Build.0 = Debug|Any CPU
		{8D26F2CF-6049-4BD8-AACA-9A55CC9930C9}.Debug|ARM64.ActiveCfg = Debug|Any CPU
		{8D26F2CF-6049-4BD8-AACA-9A55CC9930C9}.Debug|ARM64.Build.0 = Debug|Any CPU
		{8D26F2CF-6049-4BD8-AACA-9A55CC9930C9}.Debug|x64.ActiveCfg = Debug|Any CPU
		{8D26F2CF-6049-4BD8-AACA-9A55CC9930C9}.Debug|x64.Build.0 = Debug|Any CPU
		{8D26F2CF-6049-4BD8-AACA-9A55CC9930C9}.Debug|x86.ActiveCfg = Debug|Any CPU
		{8D26F2CF-6049-4BD8-AACA-9A55CC9930C9}.Debug|x86.Build.0 = Debug|Any CPU
		{8D26F2CF-6049-4BD8-AACA-9A55CC9930C9}.Release|Any CPU.ActiveCfg = Release|Any CPU
		{8D26F2CF-6049-4BD8-AACA-9A55CC9930C9}.Release|Any CPU.Build.0 = Release|Any CPU
		{8D26F2CF-6049-4BD8-AACA-9A55CC9930C9}.Release|ARM64.ActiveCfg = Release|Any CPU
		{8D26F2CF-6049-4BD8-AACA-9A55CC9930C9}.Release|ARM64.Build.0 = Release|Any CPU
		{8D26F2CF-6049-4BD8-AACA-9A55CC9930C9}.Release|x64.ActiveCfg = Release|Any CPU
		{8D26F2CF-6049-4BD8-AACA-9A55CC9930C9}.Release|x64.Build.0 = Release|Any CPU
		{8D26F2CF-6049-4BD8-AACA-9A55CC9930C9}.Release|x86.ActiveCfg = Release|Any CPU
		{8D26F2CF-6049-4BD8-AACA-9A55CC9930C9}.Release|x86.Build.0 = Release|Any CPU
	EndGlobalSection
	GlobalSection(SolutionProperties) = preSolution
		HideSolutionNode = FALSE
	EndGlobalSection
	GlobalSection(ExtensibilityGlobals) = postSolution
		SolutionGuid = {99510412-09C8-4333-A5A4-BB8A096638CD}
	EndGlobalSection
EndGlobal
